
Microsoft Visual Studio Solution File, Format Version 12.00
# Visual Studio Version 16
VisualStudioVersion = 16.0.29001.49
MinimumVisualStudioVersion = 10.0.40219.1
Project("{FAE04EC0-301F-11D3-BF4B-00C04F79EFBC}") = "program", "program\program.csproj", "{03696D0D-6716-4E36-B417-2F2CEE7DAA13}"
EndProject
Global
	GlobalSection(SolutionConfigurationPlatforms) = preSolution
		Debug|Any CPU = Debug|Any CPU
		Release|Any CPU = Release|Any CPU
	EndGlobalSection
	GlobalSection(ProjectConfigurationPlatforms) = postSolution
		{03696D0D-6716-4E36-B417-2F2CEE7DAA13}.Debug|Any CPU.ActiveCfg = Debug|Any CPU
		{03696D0D-6716-4E36-B417-2F2CEE7DAA13}.Debug|Any CPU.Build.0 = Debug|Any CPU
		{03696D0D-6716-4E36-B417-2F2CEE7DAA13}.Release|Any CPU.ActiveCfg = Release|Any CPU
		{03696D0D-6716-4E36-B417-2F2CEE7DAA13}.Release|Any CPU.Build.0 = Release|Any CPU
	EndGlobalSection
	GlobalSection(SolutionProperties) = preSolution
		HideSolutionNode = FALSE
	EndGlobalSection
	GlobalSection(ExtensibilityGlobals) = postSolution
		SolutionGuid = {D1FC4BD1-8147-47B4-8537-316150923922}
	EndGlobalSection
EndGlobal
